# THIS IS AN AUTOGENERATED FILE. DO NOT EDIT THIS FILE DIRECTLY.
# yarn lockfile v1


"@remix-run/router@1.6.3":
  version "1.6.3"
  resolved "https://registry.yarnpkg.com/@remix-run/router/-/router-1.6.3.tgz#8205baf6e17ef93be35bf62c37d2d594e9be0dad"
  integrity sha512-EXJysQ7J3veRECd0kZFQwYYd5sJMcq2O/m60zu1W2l3oVQ9xtub8jTOtYRE0+M2iomyG/W3Ps7+vp2kna0C27Q==

react-router-dom@^6.13.0:
  version "6.13.0"
  resolved "https://registry.yarnpkg.com/react-router-dom/-/react-router-dom-6.13.0.tgz#6651f456bb2af42ef14f6880123b1f575539e81f"
  integrity sha512-6Nqoqd7fgwxxVGdbiMHTpDHCYPq62d7Wk1Of7B82vH7ZPwwsRaIa22zRZKPPg413R5REVNiyuQPKDG1bubcOFA==
  dependencies:
    "@remix-run/router" "1.6.3"
    react-router "6.13.0"

react-router@6.13.0:
  version "6.13.0"
  resolved "https://registry.yarnpkg.com/react-router/-/react-router-6.13.0.tgz#7e4427a271dae0cafbdb88c56ccbd9b1434ee93f"
  integrity sha512-Si6KnfEnJw7gUQkNa70dlpI1bul46FuSxX5t5WwlUBxE25DAz2BjVkwaK8Y2s242bQrZPXCpmwLPtIO5pv4tXg==
  dependencies:
    "@remix-run/router" "1.6.3"
